// !$*UTF8*$!
{
	archiveVersion = 1;
	classes = {
	};
	objectVersion = 50;
	objects = {

/* Begin PBXBuildFile section */
		98BA4A39207EBFEB007BE934 /* AppDelegate.swift in Sources */ = {isa = PBXBuildFile; fileRef = 98BA4A38207EBFEB007BE934 /* AppDelegate.swift */; };
		98BA4A3B207EBFEB007BE934 /* ViewController.swift in Sources */ = {isa = PBXBuildFile; fileRef = 98BA4A3A207EBFEB007BE934 /* ViewController.swift */; };
		98BA4A3E207EBFEB007BE934 /* Main.storyboard in Resources */ = {isa = PBXBuildFile; fileRef = 98BA4A3C207EBFEB007BE934 /* Main.storyboard */; };
		98BA4A40207EBFED007BE934 /* Assets.xcassets in Resources */ = {isa = PBXBuildFile; fileRef = 98BA4A3F207EBFED007BE934 /* Assets.xcassets */; };
		98BA4A43207EBFED007BE934 /* LaunchScreen.storyboard in Resources */ = {isa = PBXBuildFile; fileRef = 98BA4A41207EBFED007BE934 /* LaunchScreen.storyboard */; };
		98BA4A4E207EBFED007BE934 /* MapAppTests.swift in Sources */ = {isa = PBXBuildFile; fileRef = 98BA4A4D207EBFED007BE934 /* MapAppTests.swift */; };
		98BA4A59207EBFED007BE934 /* MapAppUITests.swift in Sources */ = {isa = PBXBuildFile; fileRef = 98BA4A58207EBFED007BE934 /* MapAppUITests.swift */; };
		98E02016207EC20900BF3268 /* MapViewController.swift in Sources */ = {isa = PBXBuildFile; fileRef = 98E02015207EC20900BF3268 /* MapViewController.swift */; };
		98E02018207EC69900BF3268 /* PinView.swift in Sources */ = {isa = PBXBuildFile; fileRef = 98E02017207EC69900BF3268 /* PinView.swift */; };
/* End PBXBuildFile section */

/* Begin PBXContainerItemProxy section */
		98BA4A4A207EBFED007BE934 /* PBXContainerItemProxy */ = {
			isa = PBXContainerItemProxy;
			containerPortal = 98BA4A2D207EBFEB007BE934 /* Project object */;
			proxyType = 1;
			remoteGlobalIDString = 98BA4A34207EBFEB007BE934;
			remoteInfo = MapApp;
		};
		98BA4A55207EBFED007BE934 /* PBXContainerItemProxy */ = {
			isa = PBXContainerItemProxy;
			containerPortal = 98BA4A2D207EBFEB007BE934 /* Project object */;
			proxyType = 1;
			remoteGlobalIDString = 98BA4A34207EBFEB007BE934;
			remoteInfo = MapApp;
		};
/* End PBXContainerItemProxy section */

/* Begin PBXFileReference section */
		98BA4A35207EBFEB007BE934 /* MapApp.app */ = {isa = PBXFileReference; explicitFileType = wrapper.application; includeInIndex = 0; path = MapApp.app; sourceTree = BUILT_PRODUCTS_DIR; };
		98BA4A38207EBFEB007BE934 /* AppDelegate.swift */ = {isa = PBXFileReference; lastKnownFileType = sourcecode.swift; path = AppDelegate.swift; sourceTree = "<group>"; };
		98BA4A3A207EBFEB007BE934 /* ViewController.swift */ = {isa = PBXFileReference; lastKnownFileType = sourcecode.swift; path = ViewController.swift; sourceTree = "<group>"; };
		98BA4A3D207EBFEB007BE934 /* Base */ = {isa = PBXFileReference; lastKnownFileType = file.storyboard; name = Base; path = Base.lproj/Main.storyboard; sourceTree = "<group>"; };
		98BA4A3F207EBFED007BE934 /* Assets.xcassets */ = {isa = PBXFileReference; lastKnownFileType = folder.assetcatalog; path = Assets.xcassets; sourceTree = "<group>"; };
		98BA4A42207EBFED007BE934 /* Base */ = {isa = PBXFileReference; lastKnownFileType = file.storyboard; name = Base; path = Base.lproj/LaunchScreen.storyboard; sourceTree = "<group>"; };
		98BA4A44207EBFED007BE934 /* Info.plist */ = {isa = PBXFileReference; lastKnownFileType = text.plist.xml; path = Info.plist; sourceTree = "<group>"; };
		98BA4A49207EBFED007BE934 /* MapAppTests.xctest */ = {isa = PBXFileReference; explicitFileType = wrapper.cfbundle; includeInIndex = 0; path = MapAppTests.xctest; sourceTree = BUILT_PRODUCTS_DIR; };
		98BA4A4D207EBFED007BE934 /* MapAppTests.swift */ = {isa = PBXFileReference; lastKnownFileType = sourcecode.swift; path = MapAppTests.swift; sourceTree = "<group>"; };
		98BA4A4F207EBFED007BE934 /* Info.plist */ = {isa = PBXFileReference; lastKnownFileType = text.plist.xml; path = Info.plist; sourceTree = "<group>"; };
		98BA4A54207EBFED007BE934 /* MapAppUITests.xctest */ = {isa = PBXFileReference; explicitFileType = wrapper.cfbundle; includeInIndex = 0; path = MapAppUITests.xctest; sourceTree = BUILT_PRODUCTS_DIR; };
		98BA4A58207EBFED007BE934 /* MapAppUITests.swift */ = {isa = PBXFileReference; lastKnownFileType = sourcecode.swift; path = MapAppUITests.swift; sourceTree = "<group>"; };
		98BA4A5A207EBFED007BE934 /* Info.plist */ = {isa = PBXFileReference; lastKnownFileType = text.plist.xml; path = Info.plist; sourceTree = "<group>"; };
		98E02015207EC20900BF3268 /* MapViewController.swift */ = {isa = PBXFileReference; lastKnownFileType = sourcecode.swift; path = MapViewController.swift; sourceTree = "<group>"; };
		98E02017207EC69900BF3268 /* PinView.swift */ = {isa = PBXFileReference; lastKnownFileType = sourcecode.swift; path = PinView.swift; sourceTree = "<group>"; };
/* End PBXFileReference section */

/* Begin PBXFrameworksBuildPhase section */
		98BA4A32207EBFEB007BE934 /* Frameworks */ = {
			isa = PBXFrameworksBuildPhase;
			buildActionMask = 2147483647;
			files = (
			);
			runOnlyForDeploymentPostprocessing = 0;
		};
		98BA4A46207EBFED007BE934 /* Frameworks */ = {
			isa = PBXFrameworksBuildPhase;
			buildActionMask = 2147483647;
			files = (
			);
			runOnlyForDeploymentPostprocessing = 0;
		};
		98BA4A51207EBFED007BE934 /* Frameworks */ = {
			isa = PBXFrameworksBuildPhase;
			buildActionMask = 2147483647;
			files = (
			);
			runOnlyForDeploymentPostprocessing = 0;
		};
/* End PBXFrameworksBuildPhase section */

/* Begin PBXGroup section */
		98BA4A2C207EBFEB007BE934 = {
			isa = PBXGroup;
			children = (
				98BA4A37207EBFEB007BE934 /* MapApp */,
				98BA4A4C207EBFED007BE934 /* MapAppTests */,
				98BA4A57207EBFED007BE934 /* MapAppUITests */,
				98BA4A36207EBFEB007BE934 /* Products */,
			);
			sourceTree = "<group>";
		};
		98BA4A36207EBFEB007BE934 /* Products */ = {
			isa = PBXGroup;
			children = (
				98BA4A35207EBFEB007BE934 /* MapApp.app */,
				98BA4A49207EBFED007BE934 /* MapAppTests.xctest */,
				98BA4A54207EBFED007BE934 /* MapAppUITests.xctest */,
			);
			name = Products;
			sourceTree = "<group>";
		};
		98BA4A37207EBFEB007BE934 /* MapApp */ = {
			isa = PBXGroup;
			children = (
				98BA4A38207EBFEB007BE934 /* AppDelegate.swift */,
				98BA4A3A207EBFEB007BE934 /* ViewController.swift */,
				98BA4A3C207EBFEB007BE934 /* Main.storyboard */,
				98E02017207EC69900BF3268 /* PinView.swift */,
				98E02015207EC20900BF3268 /* MapViewController.swift */,
				98BA4A3F207EBFED007BE934 /* Assets.xcassets */,
				98BA4A41207EBFED007BE934 /* LaunchScreen.storyboard */,
				98BA4A44207EBFED007BE934 /* Info.plist */,
			);
			path = MapApp;
			sourceTree = "<group>";
		};
		98BA4A4C207EBFED007BE934 /* MapAppTests */ = {
			isa = PBXGroup;
			children = (
				98BA4A4D207EBFED007BE934 /* MapAppTests.swift */,
				98BA4A4F207EBFED007BE934 /* Info.plist */,
			);
			path = MapAppTests;
			sourceTree = "<group>";
		};
		98BA4A57207EBFED007BE934 /* MapAppUITests */ = {
			isa = PBXGroup;
			children = (
				98BA4A58207EBFED007BE934 /* MapAppUITests.swift */,
				98BA4A5A207EBFED007BE934 /* Info.plist */,
			);
			path = MapAppUITests;
			sourceTree = "<group>";
		};
/* End PBXGroup section */

/* Begin PBXNativeTarget section */
		98BA4A34207EBFEB007BE934 /* MapApp */ = {
			isa = PBXNativeTarget;
			buildConfigurationList = 98BA4A5D207EBFED007BE934 /* Build configuration list for PBXNativeTarget "MapApp" */;
			buildPhases = (
				98BA4A31207EBFEB007BE934 /* Sources */,
				98BA4A32207EBFEB007BE934 /* Frameworks */,
				98BA4A33207EBFEB007BE934 /* Resources */,
			);
			buildRules = (
			);
			dependencies = (
			);
			name = MapApp;
			productName = MapApp;
			productReference = 98BA4A35207EBFEB007BE934 /* MapApp.app */;
			productType = "com.apple.product-type.application";
		};
		98BA4A48207EBFED007BE934 /* MapAppTests */ = {
			isa = PBXNativeTarget;
			buildConfigurationList = 98BA4A60207EBFED007BE934 /* Build configuration list for PBXNativeTarget "MapAppTests" */;
			buildPhases = (
				98BA4A45207EBFED007BE934 /* Sources */,
				98BA4A46207EBFED007BE934 /* Frameworks */,
				98BA4A47207EBFED007BE934 /* Resources */,
			);
			buildRules = (
			);
			dependencies = (
				98BA4A4B207EBFED007BE934 /* PBXTargetDependency */,
			);
			name = MapAppTests;
			productName = MapAppTests;
			productReference = 98BA4A49207EBFED007BE934 /* MapAppTests.xctest */;
			productType = "com.apple.product-type.bundle.unit-test";
		};
		98BA4A53207EBFED007BE934 /* MapAppUITests */ = {
			isa = PBXNativeTarget;
			buildConfigurationList = 98BA4A63207EBFED007BE934 /* Build configuration list for PBXNativeTarget "MapAppUITests" */;
			buildPhases = (
				98BA4A50207EBFED007BE934 /* Sources */,
				98BA4A51207EBFED007BE934 /* Frameworks */,
				98BA4A52207EBFED007BE934 /* Resources */,
			);
			buildRules = (
			);
			dependencies = (
				98BA4A56207EBFED007BE934 /* PBXTargetDependency */,
			);
			name = MapAppUITests;
			productName = MapAppUITests;
			productReference = 98BA4A54207EBFED007BE934 /* MapAppUITests.xctest */;
			productType = "com.apple.product-type.bundle.ui-testing";
		};
/* End PBXNativeTarget section */

/* Begin PBXProject section */
		98BA4A2D207EBFEB007BE934 /* Project object */ = {
			isa = PBXProject;
			attributes = {
				LastSwiftUpdateCheck = 0930;
				LastUpgradeCheck = 0930;
				ORGANIZATIONNAME = "Poseto Studio";
				TargetAttributes = {
					98BA4A34207EBFEB007BE934 = {
						CreatedOnToolsVersion = 9.3;
					};
					98BA4A48207EBFED007BE934 = {
						CreatedOnToolsVersion = 9.3;
						TestTargetID = 98BA4A34207EBFEB007BE934;
					};
					98BA4A53207EBFED007BE934 = {
						CreatedOnToolsVersion = 9.3;
						TestTargetID = 98BA4A34207EBFEB007BE934;
					};
				};
			};
			buildConfigurationList = 98BA4A30207EBFEB007BE934 /* Build configuration list for PBXProject "MapApp" */;
			compatibilityVersion = "Xcode 9.3";
			developmentRegion = en;
			hasScannedForEncodings = 0;
			knownRegions = (
				en,
				Base,
			);
			mainGroup = 98BA4A2C207EBFEB007BE934;
			productRefGroup = 98BA4A36207EBFEB007BE934 /* Products */;
			projectDirPath = "";
			projectRoot = "";
			targets = (
				98BA4A34207EBFEB007BE934 /* MapApp */,
				98BA4A48207EBFED007BE934 /* MapAppTests */,
				98BA4A53207EBFED007BE934 /* MapAppUITests */,
			);
		};
/* End PBXProject section */

/* Begin PBXResourcesBuildPhase section */
		98BA4A33207EBFEB007BE934 /* Resources */ = {
			isa = PBXResourcesBuildPhase;
			buildActionMask = 2147483647;
			files = (
				98BA4A43207EBFED007BE934 /* LaunchScreen.storyboard in Resources */,
				98BA4A40207EBFED007BE934 /* Assets.xcassets in Resources */,
				98BA4A3E207EBFEB007BE934 /* Main.storyboard in Resources */,
			);
			runOnlyForDeploymentPostprocessing = 0;
		};
		98BA4A47207EBFED007BE934 /* Resources */ = {
			isa = PBXResourcesBuildPhase;
			buildActionMask = 2147483647;
			files = (
			);
			runOnlyForDeploymentPostprocessing = 0;
		};
		98BA4A52207EBFED007BE934 /* Resources */ = {
			isa = PBXResourcesBuildPhase;
			buildActionMask = 2147483647;
			files = (
			);
			runOnlyForDeploymentPostprocessing = 0;
		};
/* End PBXResourcesBuildPhase section */

/* Begin PBXSourcesBuildPhase section */
		98BA4A31207EBFEB007BE934 /* Sources */ = {
			isa = PBXSourcesBuildPhase;
			buildActionMask = 2147483647;
			files = (
				98BA4A3B207EBFEB007BE934 /* ViewController.swift in Sources */,
				98E02016207EC20900BF3268 /* MapViewController.swift in Sources */,
				98E02018207EC69900BF3268 /* PinView.swift in Sources */,
				98BA4A39207EBFEB007BE934 /* AppDelegate.swift in Sources */,
			);
			runOnlyForDeploymentPostprocessing = 0;
		};
		98BA4A45207EBFED007BE934 /* Sources */ = {
			isa = PBXSourcesBuildPhase;
			buildActionMask = 2147483647;
			files = (
				98BA4A4E207EBFED007BE934 /* MapAppTests.swift in Sources */,
			);
			runOnlyForDeploymentPostprocessing = 0;
		};
		98BA4A50207EBFED007BE934 /* Sources */ = {
			isa = PBXSourcesBuildPhase;
			buildActionMask = 2147483647;
			files = (
				98BA4A59207EBFED007BE934 /* MapAppUITests.swift in Sources */,
			);
			runOnlyForDeploymentPostprocessing = 0;
		};
/* End PBXSourcesBuildPhase section */

/* Begin PBXTargetDependency section */
		98BA4A4B207EBFED007BE934 /* PBXTargetDependency */ = {
			isa = PBXTargetDependency;
			target = 98BA4A34207EBFEB007BE934 /* MapApp */;
			targetProxy = 98BA4A4A207EBFED007BE934 /* PBXContainerItemProxy */;
		};
		98BA4A56207EBFED007BE934 /* PBXTargetDependency */ = {
			isa = PBXTargetDependency;
			target = 98BA4A34207EBFEB007BE934 /* MapApp */;
			targetProxy = 98BA4A55207EBFED007BE934 /* PBXContainerItemProxy */;
		};
/* End PBXTargetDependency section */

/* Begin PBXVariantGroup section */
		98BA4A3C207EBFEB007BE934 /* Main.storyboard */ = {
			isa = PBXVariantGroup;
			children = (
				98BA4A3D207EBFEB007BE934 /* Base */,
			);
			name = Main.storyboard;
			sourceTree = "<group>";
		};
		98BA4A41207EBFED007BE934 /* LaunchScreen.storyboard */ = {
			isa = PBXVariantGroup;
			children = (
				98BA4A42207EBFED007BE934 /* Base */,
			);
			name = LaunchScreen.storyboard;
			sourceTree = "<group>";
		};
/* End PBXVariantGroup section */

/* Begin XCBuildConfiguration section */
		98BA4A5B207EBFED007BE934 /* Debug */ = {
			isa = XCBuildConfiguration;
			buildSettings = {
				ALWAYS_SEARCH_USER_PATHS = NO;
				CLANG_ANALYZER_NONNULL = YES;
				CLANG_ANALYZER_NUMBER_OBJECT_CONVERSION = YES_AGGRESSIVE;
				CLANG_CXX_LANGUAGE_STANDARD = "gnu++14";
				CLANG_CXX_LIBRARY = "libc++";
				CLANG_ENABLE_MODULES = YES;
				CLANG_ENABLE_OBJC_ARC = YES;
				CLANG_ENABLE_OBJC_WEAK = YES;
				CLANG_WARN_BLOCK_CAPTURE_AUTORELEASING = YES;
				CLANG_WARN_BOOL_CONVERSION = YES;
				CLANG_WARN_COMMA = YES;
				CLANG_WARN_CONSTANT_CONVERSION = YES;
				CLANG_WARN_DEPRECATED_OBJC_IMPLEMENTATIONS = YES;
				CLANG_WARN_DIRECT_OBJC_ISA_USAGE = YES_ERROR;
				CLANG_WARN_DOCUMENTATION_COMMENTS = YES;
				CLANG_WARN_EMPTY_BODY = YES;
				CLANG_WARN_ENUM_CONVERSION = YES;
				CLANG_WARN_INFINITE_RECURSION = YES;
				CLANG_WARN_INT_CONVERSION = YES;
				CLANG_WARN_NON_LITERAL_NULL_CONVERSION = YES;
				CLANG_WARN_OBJC_IMPLICIT_RETAIN_SELF = YES;
				CLANG_WARN_OBJC_LITERAL_CONVERSION = YES;
				CLANG_WARN_OBJC_ROOT_CLASS = YES_ERROR;
				CLANG_WARN_RANGE_LOOP_ANALYSIS = YES;
				CLANG_WARN_STRICT_PROTOTYPES = YES;
				CLANG_WARN_SUSPICIOUS_MOVE = YES;
				CLANG_WARN_UNGUARDED_AVAILABILITY = YES_AGGRESSIVE;
				CLANG_WARN_UNREACHABLE_CODE = YES;
				CLANG_WARN__DUPLICATE_METHOD_MATCH = YES;
				CODE_SIGN_IDENTITY = "iPhone Developer";
				COPY_PHASE_STRIP = NO;
				DEBUG_INFORMATION_FORMAT = dwarf;
				ENABLE_STRICT_OBJC_MSGSEND = YES;
				ENABLE_TESTABILITY = YES;
				GCC_C_LANGUAGE_STANDARD = gnu11;
				GCC_DYNAMIC_NO_PIC = NO;
				GCC_NO_COMMON_BLOCKS = YES;
				GCC_OPTIMIZATION_LEVEL = 0;
				GCC_PREPROCESSOR_DEFINITIONS = (
					"DEBUG=1",
					"$(inherited)",
				);
				GCC_WARN_64_TO_32_BIT_CONVERSION = YES;
				GCC_WARN_ABOUT_RETURN_TYPE = YES_ERROR;
				GCC_WARN_UNDECLARED_SELECTOR = YES;
				GCC_WARN_UNINITIALIZED_AUTOS = YES_AGGRESSIVE;
				GCC_WARN_UNUSED_FUNCTION = YES;
				GCC_WARN_UNUSED_VARIABLE = YES;
				IPHONEOS_DEPLOYMENT_TARGET = 11.3;
				MTL_ENABLE_DEBUG_INFO = YES;
				ONLY_ACTIVE_ARCH = YES;
				SDKROOT = iphoneos;
				SWIFT_ACTIVE_COMPILATION_CONDITIONS = DEBUG;
				SWIFT_OPTIMIZATION_LEVEL = "-Onone";
			};
			name = Debug;
		};
		98BA4A5C207EBFED007BE934 /* Release */ = {
			isa = XCBuildConfiguration;
			buildSettings = {
				ALWAYS_SEARCH_USER_PATHS = NO;
				CLANG_ANALYZER_NONNULL = YES;
				CLANG_ANALYZER_NUMBER_OBJECT_CONVERSION = YES_AGGRESSIVE;
				CLANG_CXX_LANGUAGE_STANDARD = "gnu++14";
				CLANG_CXX_LIBRARY = "libc++";
				CLANG_ENABLE_MODULES = YES;
				CLANG_ENABLE_OBJC_ARC = YES;
				CLANG_ENABLE_OBJC_WEAK = YES;
				CLANG_WARN_BLOCK_CAPTURE_AUTORELEASING = YES;
				CLANG_WARN_BOOL_CONVERSION = YES;
				CLANG_WARN_COMMA = YES;
				CLANG_WARN_CONSTANT_CONVERSION = YES;
				CLANG_WARN_DEPRECATED_OBJC_IMPLEMENTATIONS = YES;
				CLANG_WARN_DIRECT_OBJC_ISA_USAGE = YES_ERROR;
				CLANG_WARN_DOCUMENTATION_COMMENTS = YES;
				CLANG_WARN_EMPTY_BODY = YES;
				CLANG_WARN_ENUM_CONVERSION = YES;
				CLANG_WARN_INFINITE_RECURSION = YES;
				CLANG_WARN_INT_CONVERSION = YES;
				CLANG_WARN_NON_LITERAL_NULL_CONVERSION = YES;
				CLANG_WARN_OBJC_IMPLICIT_RETAIN_SELF = YES;
				CLANG_WARN_OBJC_LITERAL_CONVERSION = YES;
				CLANG_WARN_OBJC_ROOT_CLASS = YES_ERROR;
				CLANG_WARN_RANGE_LOOP_ANALYSIS = YES;
				CLANG_WARN_STRICT_PROTOTYPES = YES;
				CLANG_WARN_SUSPICIOUS_MOVE = YES;
				CLANG_WARN_UNGUARDED_AVAILABILITY = YES_AGGRESSIVE;
				CLANG_WARN_UNREACHABLE_CODE = YES;
				CLANG_WARN__DUPLICATE_METHOD_MATCH = YES;
				CODE_SIGN_IDENTITY = "iPhone Developer";
				COPY_PHASE_STRIP = NO;
				DEBUG_INFORMATION_FORMAT = "dwarf-with-dsym";
				ENABLE_NS_ASSERTIONS = NO;
				ENABLE_STRICT_OBJC_MSGSEND = YES;
				GCC_C_LANGUAGE_STANDARD = gnu11;
				GCC_NO_COMMON_BLOCKS = YES;
				GCC_WARN_64_TO_32_BIT_CONVERSION = YES;
				GCC_WARN_ABOUT_RETURN_TYPE = YES_ERROR;
				GCC_WARN_UNDECLARED_SELECTOR = YES;
				GCC_WARN_UNINITIALIZED_AUTOS = YES_AGGRESSIVE;
				GCC_WARN_UNUSED_FUNCTION = YES;
				GCC_WARN_UNUSED_VARIABLE = YES;
				IPHONEOS_DEPLOYMENT_TARGET = 11.3;
				MTL_ENABLE_DEBUG_INFO = NO;
				SDKROOT = iphoneos;
				SWIFT_COMPILATION_MODE = wholemodule;
				SWIFT_OPTIMIZATION_LEVEL = "-O";
				VALIDATE_PRODUCT = YES;
			};
			name = Release;
		};
		98BA4A5E207EBFED007BE934 /* Debug */ = {
			isa = XCBuildConfiguration;
			buildSettings = {
				ASSETCATALOG_COMPILER_APPICON_NAME = AppIcon;
				CODE_SIGN_STYLE = Automatic;
				DEVELOPMENT_TEAM = YR8ENK43BV;
				INFOPLIST_FILE = MapApp/Info.plist;
				LD_RUNPATH_SEARCH_PATHS = (
					"$(inherited)",
					"@executable_path/Frameworks",
				);
				PRODUCT_BUNDLE_IDENTIFIER = com.posetostudio.MapApp;
				PRODUCT_NAME = "$(TARGET_NAME)";
				SWIFT_VERSION = 4.0;
				TARGETED_DEVICE_FAMILY = "1,2";
			};
			name = Debug;
		};
		98BA4A5F207EBFED007BE934 /* Release */ = {
			isa = XCBuildConfiguration;
			buildSettings = {
				ASSETCATALOG_COMPILER_APPICON_NAME = AppIcon;
				CODE_SIGN_STYLE = Automatic;
				DEVELOPMENT_TEAM = YR8ENK43BV;
				INFOPLIST_FILE = MapApp/Info.plist;
				LD_RUNPATH_SEARCH_PATHS = (
					"$(inherited)",
					"@executable_path/Frameworks",
				);
				PRODUCT_BUNDLE_IDENTIFIER = com.posetostudio.MapApp;
				PRODUCT_NAME = "$(TARGET_NAME)";
				SWIFT_VERSION = 4.0;
				TARGETED_DEVICE_FAMILY = "1,2";
			};
			name = Release;
		};
		98BA4A61207EBFED007BE934 /* Debug */ = {
			isa = XCBuildConfiguration;
			buildSettings = {
				ALWAYS_EMBED_SWIFT_STANDARD_LIBRARIES = YES;
				BUNDLE_LOADER = "$(TEST_HOST)";
				CODE_SIGN_STYLE = Automatic;
				DEVELOPMENT_TEAM = YR8ENK43BV;
				INFOPLIST_FILE = MapAppTests/Info.plist;
				LD_RUNPATH_SEARCH_PATHS = (
					"$(inherited)",
					"@executable_path/Frameworks",
					"@loader_path/Frameworks",
				);
				PRODUCT_BUNDLE_IDENTIFIER = com.posetostudio.MapAppTests;
				PRODUCT_NAME = "$(TARGET_NAME)";
				SWIFT_VERSION = 4.0;
				TARGETED_DEVICE_FAMILY = "1,2";
				TEST_HOST = "$(BUILT_PRODUCTS_DIR)/MapApp.app/MapApp";
			};
			name = Debug;
		};
		98BA4A62207EBFED007BE934 /* Release */ = {
			isa = XCBuildConfiguration;
			buildSettings = {
				ALWAYS_EMBED_SWIFT_STANDARD_LIBRARIES = YES;
				BUNDLE_LOADER = "$(TEST_HOST)";
				CODE_SIGN_STYLE = Automatic;
				DEVELOPMENT_TEAM = YR8ENK43BV;
				INFOPLIST_FILE = MapAppTests/Info.plist;
				LD_RUNPATH_SEARCH_PATHS = (
					"$(inherited)",
					"@executable_path/Frameworks",
					"@loader_path/Frameworks",
				);
				PRODUCT_BUNDLE_IDENTIFIER = com.posetostudio.MapAppTests;
				PRODUCT_NAME = "$(TARGET_NAME)";
				SWIFT_VERSION = 4.0;
				TARGETED_DEVICE_FAMILY = "1,2";
				TEST_HOST = "$(BUILT_PRODUCTS_DIR)/MapApp.app/MapApp";
			};
			name = Release;
		};
		98BA4A64207EBFED007BE934 /* Debug */ = {
			isa = XCBuildConfiguration;
			buildSettings = {
				ALWAYS_EMBED_SWIFT_STANDARD_LIBRARIES = YES;
				CODE_SIGN_STYLE = Automatic;
				DEVELOPMENT_TEAM = YR8ENK43BV;
				INFOPLIST_FILE = MapAppUITests/Info.plist;
				LD_RUNPATH_SEARCH_PATHS = (
					"$(inherited)",
					"@executable_path/Frameworks",
					"@loader_path/Frameworks",
				);
				PRODUCT_BUNDLE_IDENTIFIER = com.posetostudio.MapAppUITests;
				PRODUCT_NAME = "$(TARGET_NAME)";
				SWIFT_VERSION = 4.0;
				TARGETED_DEVICE_FAMILY = "1,2";
				TEST_TARGET_NAME = MapApp;
			};
			name = Debug;
		};
		98BA4A65207EBFED007BE934 /* Release */ = {
			isa = XCBuildConfiguration;
			buildSettings = {
				ALWAYS_EMBED_SWIFT_STANDARD_LIBRARIES = YES;
				CODE_SIGN_STYLE = Automatic;
				DEVELOPMENT_TEAM = YR8ENK43BV;
				INFOPLIST_FILE = MapAppUITests/Info.plist;
				LD_RUNPATH_SEARCH_PATHS = (
					"$(inherited)",
					"@executable_path/Frameworks",
					"@loader_path/Frameworks",
				);
				PRODUCT_BUNDLE_IDENTIFIER = com.posetostudio.MapAppUITests;
				PRODUCT_NAME = "$(TARGET_NAME)";
				SWIFT_VERSION = 4.0;
				TARGETED_DEVICE_FAMILY = "1,2";
				TEST_TARGET_NAME = MapApp;
			};
			name = Release;
		};
/* End XCBuildConfiguration section */

/* Begin XCConfigurationList section */
		98BA4A30207EBFEB007BE934 /* Build configuration list for PBXProject "MapApp" */ = {
			isa = XCConfigurationList;
			buildConfigurations = (
				98BA4A5B207EBFED007BE934 /* Debug */,
				98BA4A5C207EBFED007BE934 /* Release */,
			);
			defaultConfigurationIsVisible = 0;
			defaultConfigurationName = Release;
		};
		98BA4A5D207EBFED007BE934 /* Build configuration list for PBXNativeTarget "MapApp" */ = {
			isa = XCConfigurationList;
			buildConfigurations = (
				98BA4A5E207EBFED007BE934 /* Debug */,
				98BA4A5F207EBFED007BE934 /* Release */,
			);
			defaultConfigurationIsVisible = 0;
			defaultConfigurationName = Release;
		};
		98BA4A60207EBFED007BE934 /* Build configuration list for PBXNativeTarget "MapAppTests" */ = {
			isa = XCConfigurationList;
			buildConfigurations = (
				98BA4A61207EBFED007BE934 /* Debug */,
				98BA4A62207EBFED007BE934 /* Release */,
			);
			defaultConfigurationIsVisible = 0;
			defaultConfigurationName = Release;
		};
		98BA4A63207EBFED007BE934 /* Build configuration list for PBXNativeTarget "MapAppUITests" */ = {
			isa = XCConfigurationList;
			buildConfigurations = (
				98BA4A64207EBFED007BE934 /* Debug */,
				98BA4A65207EBFED007BE934 /* Release */,
			);
			defaultConfigurationIsVisible = 0;
			defaultConfigurationName = Release;
		};
/* End XCConfigurationList section */
	};
	rootObject = 98BA4A2D207EBFEB007BE934 /* Project object */;
}
